
Microsoft Visual Studio Solution File, Format Version 12.00
# Visual Studio Version 17
VisualStudioVersion = 17.8.34316.72
MinimumVisualStudioVersion = 10.0.40219.1
Project("{2150E333-8FDC-42A3-9474-1A3956D46DE8}") = "Payments", "Payments", "{A0B37FA3-EF67-4172-9B4D-70A71A18B556}"
EndProject
Project("{9A19103F-16F7-4668-BE54-9A1E7A4F7556}") = "Payments.Api", "MicroServices\Payments\Payments.Api\Payments.Api.csproj", "{B4145178-3CB4-4CAE-9482-4FAFC8559C4D}"
EndProject
Project("{2150E333-8FDC-42A3-9474-1A3956D46DE8}") = "PaymentProvider", "PaymentProvider", "{134921FF-4658-4AD8-8371-EB14459FC9A6}"
EndProject
Project("{2150E333-8FDC-42A3-9474-1A3956D46DE8}") = "Orders", "Orders", "{8A15F05C-6482-4057-B0CC-7000B3EF0FBE}"
EndProject
Project("{9A19103F-16F7-4668-BE54-9A1E7A4F7556}") = "Orders.Api", "MicroServices\Orders\Orders.Api\Orders.Api.csproj", "{8795A232-C3C3-4C94-A63A-D9E8A15DDF22}"
EndProject
Project("{9A19103F-16F7-4668-BE54-9A1E7A4F7556}") = "Orders.Contracts", "MicroServices\Orders\Orders.Contracts\Orders.Contracts.csproj", "{29629C78-750C-4B9B-9CC4-CA062C39989F}"
EndProject
Project("{9A19103F-16F7-4668-BE54-9A1E7A4F7556}") = "Orders.Infrastructure.Persistence", "MicroServices\Orders\Orders.Infrastructure.Persistence\Orders.Infrastructure.Persistence.csproj", "{0E5ABE94-EAC3-495A-8365-AE352685FDB5}"
EndProject
Project("{9A19103F-16F7-4668-BE54-9A1E7A4F7556}") = "Payments.Application", "MicroServices\Payments\Payments.Application\Payments.Application.csproj", "{F5315241-155F-4C26-8214-7256FDAEA9BA}"
EndProject
Project("{9A19103F-16F7-4668-BE54-9A1E7A4F7556}") = "Payments.Contracts", "MicroServices\Payments\Payments.Contracts\Payments.Contracts.csproj", "{87695FD1-D46E-43F7-BACD-6CE0BD6431C8}"
EndProject
Project("{9A19103F-16F7-4668-BE54-9A1E7A4F7556}") = "Payments.Infrastructure.Persistence", "MicroServices\Payments\Payments.Infrastructure\Payments.Infrastructure.Persistence.csproj", "{2EC50736-DB96-4726-9F49-C219D0EEF140}"
EndProject
Project("{E53339B2-1760-4266-BCC7-CA923CBCF16C}") = "docker-compose", "docker-compose.dcproj", "{8A542447-A62F-469D-B182-4266282A23CA}"
EndProject
Project("{9A19103F-16F7-4668-BE54-9A1E7A4F7556}") = "PaymentProvider", "ExternalClients\PaymentProvider\PaymentProvider.csproj", "{711DC5D3-5C84-45C4-87BD-F9E5001361E2}"
EndProject
Project("{9A19103F-16F7-4668-BE54-9A1E7A4F7556}") = "ExampleStore", "ExternalClients\ExampleStore\ExampleStore.csproj", "{D39EFE0E-A7C1-4265-8845-C798DAEAF513}"
EndProject
Project("{2150E333-8FDC-42A3-9474-1A3956D46DE8}") = "RevenueManagement", "RevenueManagement", "{3FFFD95C-F97E-459A-9330-6A10C490580F}"
EndProject
Project("{2150E333-8FDC-42A3-9474-1A3956D46DE8}") = "StockManagement", "StockManagement", "{A11F7F13-8257-4869-BFA0-1F38B8564E38}"
EndProject
Project("{9A19103F-16F7-4668-BE54-9A1E7A4F7556}") = "RevenueManagement.Api", "MicroServices\RevenueManagement\RevenueManagement.Api\RevenueManagement.Api.csproj", "{CDD54FA3-0D37-432F-BC56-0ACC7316154A}"
EndProject
Project("{9A19103F-16F7-4668-BE54-9A1E7A4F7556}") = "RevenueManagement.Contracts", "MicroServices\RevenueManagement\RevenueManagement.Contracts\RevenueManagement.Contracts.csproj", "{979F41BE-D2C1-4ACD-8F90-22D6559D7494}"
EndProject
Project("{9A19103F-16F7-4668-BE54-9A1E7A4F7556}") = "RevenueManagement.Application", "MicroServices\RevenueManagement\RevenueManagement.Application\RevenueManagement.Application.csproj", "{96B1F3BD-2436-4D7F-87A3-73EFD9AD8C00}"
EndProject
Project("{9A19103F-16F7-4668-BE54-9A1E7A4F7556}") = "RevenueManagement.Infrastructure.Persistence", "MicroServices\RevenueManagement\RevenueManagement.Infrastructure\RevenueManagement.Infrastructure.Persistence.csproj", "{DF953E57-94E5-42DC-A714-D4A7302E352B}"
EndProject
Project("{9A19103F-16F7-4668-BE54-9A1E7A4F7556}") = "Stock.Api", "MicroServices\StockManagement\Stock.Api\Stock.Api.csproj", "{C5A28E35-CB37-43BC-8D25-D7DAFE66B2AE}"
EndProject
Project("{9A19103F-16F7-4668-BE54-9A1E7A4F7556}") = "Stock.Contracts", "MicroServices\StockManagement\Stock.Contracts\Stock.Contracts.csproj", "{94A3DA2C-5858-4AA8-8663-0390B4D0176E}"
EndProject
Project("{9A19103F-16F7-4668-BE54-9A1E7A4F7556}") = "Stock.Application", "MicroServices\StockManagement\Stock.Application\Stock.Application.csproj", "{84043F75-BE2D-4D96-A4D9-A2BC244A2F5F}"
EndProject
Project("{9A19103F-16F7-4668-BE54-9A1E7A4F7556}") = "Stock.Infrastructure.Persistence", "MicroServices\StockManagement\Stock.Infrastructure\Stock.Infrastructure.Persistence.csproj", "{FDF94DAD-7DA5-45D6-9772-B27D31218170}"
EndProject
Project("{2150E333-8FDC-42A3-9474-1A3956D46DE8}") = "ExampleStore", "ExampleStore", "{C45B5496-331E-4C52-9896-9797BC19733C}"
EndProject
Project("{9A19103F-16F7-4668-BE54-9A1E7A4F7556}") = "Payments.Infrastructure.SquirrelPay", "MicroServices\Payments\Payments.Infrastructure.SquirrelPay\Payments.Infrastructure.SquirrelPay.csproj", "{D7634462-CE2D-4585-939F-F600B6D1A776}"
EndProject
Project("{2150E333-8FDC-42A3-9474-1A3956D46DE8}") = "MicroServices", "MicroServices", "{EC52D7B8-9803-429B-A4BD-7E52D5631DD7}"
EndProject
Project("{2150E333-8FDC-42A3-9474-1A3956D46DE8}") = "ExternalClients", "ExternalClients", "{66A98880-A380-41AE-9421-06FE307E6A85}"
EndProject
Project("{FAE04EC0-301F-11D3-BF4B-00C04F79EFBC}") = "Orders.Application", "MicroServices\Orders\Orders.Application\Orders.Application.csproj", "{39C6E36C-AD9C-4F3B-A3D0-8735FD48AFD2}"
EndProject
Project("{FAE04EC0-301F-11D3-BF4B-00C04F79EFBC}") = "Orders.Infrastructure.EventBus", "MicroServices\Orders\Orders.Infrastructure.EventBus\Orders.Infrastructure.EventBus.csproj", "{D0D41F6F-7198-4B9B-982D-48880E8E7F32}"
EndProject
Project("{FAE04EC0-301F-11D3-BF4B-00C04F79EFBC}") = "Payments.Infrastructure.EventBus", "MicroServices\Payments\Payments.Infrtastructure.EventBus\Payments.Infrastructure.EventBus.csproj", "{1E76AAEB-B3A1-4B27-B7F3-B53A798DE8EA}"
EndProject
Project("{FAE04EC0-301F-11D3-BF4B-00C04F79EFBC}") = "RevenueManagement.Infrastructure.EventBus", "MicroServices\RevenueManagement\RevenueManagement.Infrastructure.EventBus\RevenueManagement.Infrastructure.EventBus.csproj", "{D22E601F-7113-4360-98A4-32503FE5D88D}"
EndProject
Project("{FAE04EC0-301F-11D3-BF4B-00C04F79EFBC}") = "Stock.Infrastructure.EventBus", "MicroServices\StockManagement\Stock.Infrastructure.EventBus\Stock.Infrastructure.EventBus.csproj", "{6B5FAAEC-DC2E-43A8-A9C0-BE503C475349}"
EndProject
Global
	GlobalSection(SolutionConfigurationPlatforms) = preSolution
		Debug|Any CPU = Debug|Any CPU
		Release|Any CPU = Release|Any CPU
	EndGlobalSection
	GlobalSection(ProjectConfigurationPlatforms) = postSolution
		{B4145178-3CB4-4CAE-9482-4FAFC8559C4D}.Debug|Any CPU.ActiveCfg = Debug|Any CPU
		{B4145178-3CB4-4CAE-9482-4FAFC8559C4D}.Debug|Any CPU.Build.0 = Debug|Any CPU
		{B4145178-3CB4-4CAE-9482-4FAFC8559C4D}.Release|Any CPU.ActiveCfg = Release|Any CPU
		{B4145178-3CB4-4CAE-9482-4FAFC8559C4D}.Release|Any CPU.Build.0 = Release|Any CPU
		{8795A232-C3C3-4C94-A63A-D9E8A15DDF22}.Debug|Any CPU.ActiveCfg = Debug|Any CPU
		{8795A232-C3C3-4C94-A63A-D9E8A15DDF22}.Debug|Any CPU.Build.0 = Debug|Any CPU
		{8795A232-C3C3-4C94-A63A-D9E8A15DDF22}.Release|Any CPU.ActiveCfg = Release|Any CPU
		{8795A232-C3C3-4C94-A63A-D9E8A15DDF22}.Release|Any CPU.Build.0 = Release|Any CPU
		{29629C78-750C-4B9B-9CC4-CA062C39989F}.Debug|Any CPU.ActiveCfg = Debug|Any CPU
		{29629C78-750C-4B9B-9CC4-CA062C39989F}.Debug|Any CPU.Build.0 = Debug|Any CPU
		{29629C78-750C-4B9B-9CC4-CA062C39989F}.Release|Any CPU.ActiveCfg = Release|Any CPU
		{29629C78-750C-4B9B-9CC4-CA062C39989F}.Release|Any CPU.Build.0 = Release|Any CPU
		{0E5ABE94-EAC3-495A-8365-AE352685FDB5}.Debug|Any CPU.ActiveCfg = Debug|Any CPU
		{0E5ABE94-EAC3-495A-8365-AE352685FDB5}.Debug|Any CPU.Build.0 = Debug|Any CPU
		{0E5ABE94-EAC3-495A-8365-AE352685FDB5}.Release|Any CPU.ActiveCfg = Release|Any CPU
		{0E5ABE94-EAC3-495A-8365-AE352685FDB5}.Release|Any CPU.Build.0 = Release|Any CPU
		{F5315241-155F-4C26-8214-7256FDAEA9BA}.Debug|Any CPU.ActiveCfg = Debug|Any CPU
		{F5315241-155F-4C26-8214-7256FDAEA9BA}.Debug|Any CPU.Build.0 = Debug|Any CPU
		{F5315241-155F-4C26-8214-7256FDAEA9BA}.Release|Any CPU.ActiveCfg = Release|Any CPU
		{F5315241-155F-4C26-8214-7256FDAEA9BA}.Release|Any CPU.Build.0 = Release|Any CPU
		{87695FD1-D46E-43F7-BACD-6CE0BD6431C8}.Debug|Any CPU.ActiveCfg = Debug|Any CPU
		{87695FD1-D46E-43F7-BACD-6CE0BD6431C8}.Debug|Any CPU.Build.0 = Debug|Any CPU
		{87695FD1-D46E-43F7-BACD-6CE0BD6431C8}.Release|Any CPU.ActiveCfg = Release|Any CPU
		{87695FD1-D46E-43F7-BACD-6CE0BD6431C8}.Release|Any CPU.Build.0 = Release|Any CPU
		{2EC50736-DB96-4726-9F49-C219D0EEF140}.Debug|Any CPU.ActiveCfg = Debug|Any CPU
		{2EC50736-DB96-4726-9F49-C219D0EEF140}.Debug|Any CPU.Build.0 = Debug|Any CPU
		{2EC50736-DB96-4726-9F49-C219D0EEF140}.Release|Any CPU.ActiveCfg = Release|Any CPU
		{2EC50736-DB96-4726-9F49-C219D0EEF140}.Release|Any CPU.Build.0 = Release|Any CPU
		{8A542447-A62F-469D-B182-4266282A23CA}.Debug|Any CPU.ActiveCfg = Debug|Any CPU
		{8A542447-A62F-469D-B182-4266282A23CA}.Debug|Any CPU.Build.0 = Debug|Any CPU
		{8A542447-A62F-469D-B182-4266282A23CA}.Release|Any CPU.ActiveCfg = Release|Any CPU
		{8A542447-A62F-469D-B182-4266282A23CA}.Release|Any CPU.Build.0 = Release|Any CPU
		{711DC5D3-5C84-45C4-87BD-F9E5001361E2}.Debug|Any CPU.ActiveCfg = Debug|Any CPU
		{711DC5D3-5C84-45C4-87BD-F9E5001361E2}.Debug|Any CPU.Build.0 = Debug|Any CPU
		{711DC5D3-5C84-45C4-87BD-F9E5001361E2}.Release|Any CPU.ActiveCfg = Release|Any CPU
		{711DC5D3-5C84-45C4-87BD-F9E5001361E2}.Release|Any CPU.Build.0 = Release|Any CPU
		{D39EFE0E-A7C1-4265-8845-C798DAEAF513}.Debug|Any CPU.ActiveCfg = Debug|Any CPU
		{D39EFE0E-A7C1-4265-8845-C798DAEAF513}.Debug|Any CPU.Build.0 = Debug|Any CPU
		{D39EFE0E-A7C1-4265-8845-C798DAEAF513}.Release|Any CPU.ActiveCfg = Release|Any CPU
		{D39EFE0E-A7C1-4265-8845-C798DAEAF513}.Release|Any CPU.Build.0 = Release|Any CPU
		{CDD54FA3-0D37-432F-BC56-0ACC7316154A}.Debug|Any CPU.ActiveCfg = Debug|Any CPU
		{CDD54FA3-0D37-432F-BC56-0ACC7316154A}.Debug|Any CPU.Build.0 = Debug|Any CPU
		{CDD54FA3-0D37-432F-BC56-0ACC7316154A}.Release|Any CPU.ActiveCfg = Release|Any CPU
		{CDD54FA3-0D37-432F-BC56-0ACC7316154A}.Release|Any CPU.Build.0 = Release|Any CPU
		{979F41BE-D2C1-4ACD-8F90-22D6559D7494}.Debug|Any CPU.ActiveCfg = Debug|Any CPU
		{979F41BE-D2C1-4ACD-8F90-22D6559D7494}.Debug|Any CPU.Build.0 = Debug|Any CPU
		{979F41BE-D2C1-4ACD-8F90-22D6559D7494}.Release|Any CPU.ActiveCfg = Release|Any CPU
		{979F41BE-D2C1-4ACD-8F90-22D6559D7494}.Release|Any CPU.Build.0 = Release|Any CPU
		{96B1F3BD-2436-4D7F-87A3-73EFD9AD8C00}.Debug|Any CPU.ActiveCfg = Debug|Any CPU
		{96B1F3BD-2436-4D7F-87A3-73EFD9AD8C00}.Debug|Any CPU.Build.0 = Debug|Any CPU
		{96B1F3BD-2436-4D7F-87A3-73EFD9AD8C00}.Release|Any CPU.ActiveCfg = Release|Any CPU
		{96B1F3BD-2436-4D7F-87A3-73EFD9AD8C00}.Release|Any CPU.Build.0 = Release|Any CPU
		{DF953E57-94E5-42DC-A714-D4A7302E352B}.Debug|Any CPU.ActiveCfg = Debug|Any CPU
		{DF953E57-94E5-42DC-A714-D4A7302E352B}.Debug|Any CPU.Build.0 = Debug|Any CPU
		{DF953E57-94E5-42DC-A714-D4A7302E352B}.Release|Any CPU.ActiveCfg = Release|Any CPU
		{DF953E57-94E5-42DC-A714-D4A7302E352B}.Release|Any CPU.Build.0 = Release|Any CPU
		{C5A28E35-CB37-43BC-8D25-D7DAFE66B2AE}.Debug|Any CPU.ActiveCfg = Debug|Any CPU
		{C5A28E35-CB37-43BC-8D25-D7DAFE66B2AE}.Debug|Any CPU.Build.0 = Debug|Any CPU
		{C5A28E35-CB37-43BC-8D25-D7DAFE66B2AE}.Release|Any CPU.ActiveCfg = Release|Any CPU
		{C5A28E35-CB37-43BC-8D25-D7DAFE66B2AE}.Release|Any CPU.Build.0 = Release|Any CPU
		{94A3DA2C-5858-4AA8-8663-0390B4D0176E}.Debug|Any CPU.ActiveCfg = Debug|Any CPU
		{94A3DA2C-5858-4AA8-8663-0390B4D0176E}.Debug|Any CPU.Build.0 = Debug|Any CPU
		{94A3DA2C-5858-4AA8-8663-0390B4D0176E}.Release|Any CPU.ActiveCfg = Release|Any CPU
		{94A3DA2C-5858-4AA8-8663-0390B4D0176E}.Release|Any CPU.Build.0 = Release|Any CPU
		{84043F75-BE2D-4D96-A4D9-A2BC244A2F5F}.Debug|Any CPU.ActiveCfg = Debug|Any CPU
		{84043F75-BE2D-4D96-A4D9-A2BC244A2F5F}.Debug|Any CPU.Build.0 = Debug|Any CPU
		{84043F75-BE2D-4D96-A4D9-A2BC244A2F5F}.Release|Any CPU.ActiveCfg = Release|Any CPU
		{84043F75-BE2D-4D96-A4D9-A2BC244A2F5F}.Release|Any CPU.Build.0 = Release|Any CPU
		{FDF94DAD-7DA5-45D6-9772-B27D31218170}.Debug|Any CPU.ActiveCfg = Debug|Any CPU
		{FDF94DAD-7DA5-45D6-9772-B27D31218170}.Debug|Any CPU.Build.0 = Debug|Any CPU
		{FDF94DAD-7DA5-45D6-9772-B27D31218170}.Release|Any CPU.ActiveCfg = Release|Any CPU
		{FDF94DAD-7DA5-45D6-9772-B27D31218170}.Release|Any CPU.Build.0 = Release|Any CPU
		{D7634462-CE2D-4585-939F-F600B6D1A776}.Debug|Any CPU.ActiveCfg = Debug|Any CPU
		{D7634462-CE2D-4585-939F-F600B6D1A776}.Debug|Any CPU.Build.0 = Debug|Any CPU
		{D7634462-CE2D-4585-939F-F600B6D1A776}.Release|Any CPU.ActiveCfg = Release|Any CPU
		{D7634462-CE2D-4585-939F-F600B6D1A776}.Release|Any CPU.Build.0 = Release|Any CPU
		{39C6E36C-AD9C-4F3B-A3D0-8735FD48AFD2}.Debug|Any CPU.ActiveCfg = Debug|Any CPU
		{39C6E36C-AD9C-4F3B-A3D0-8735FD48AFD2}.Debug|Any CPU.Build.0 = Debug|Any CPU
		{39C6E36C-AD9C-4F3B-A3D0-8735FD48AFD2}.Release|Any CPU.ActiveCfg = Release|Any CPU
		{39C6E36C-AD9C-4F3B-A3D0-8735FD48AFD2}.Release|Any CPU.Build.0 = Release|Any CPU
		{D0D41F6F-7198-4B9B-982D-48880E8E7F32}.Debug|Any CPU.ActiveCfg = Debug|Any CPU
		{D0D41F6F-7198-4B9B-982D-48880E8E7F32}.Debug|Any CPU.Build.0 = Debug|Any CPU
		{D0D41F6F-7198-4B9B-982D-48880E8E7F32}.Release|Any CPU.ActiveCfg = Release|Any CPU
		{D0D41F6F-7198-4B9B-982D-48880E8E7F32}.Release|Any CPU.Build.0 = Release|Any CPU
		{1E76AAEB-B3A1-4B27-B7F3-B53A798DE8EA}.Debug|Any CPU.ActiveCfg = Debug|Any CPU
		{1E76AAEB-B3A1-4B27-B7F3-B53A798DE8EA}.Debug|Any CPU.Build.0 = Debug|Any CPU
		{1E76AAEB-B3A1-4B27-B7F3-B53A798DE8EA}.Release|Any CPU.ActiveCfg = Release|Any CPU
		{1E76AAEB-B3A1-4B27-B7F3-B53A798DE8EA}.Release|Any CPU.Build.0 = Release|Any CPU
		{D22E601F-7113-4360-98A4-32503FE5D88D}.Debug|Any CPU.ActiveCfg = Debug|Any CPU
		{D22E601F-7113-4360-98A4-32503FE5D88D}.Debug|Any CPU.Build.0 = Debug|Any CPU
		{D22E601F-7113-4360-98A4-32503FE5D88D}.Release|Any CPU.ActiveCfg = Release|Any CPU
		{D22E601F-7113-4360-98A4-32503FE5D88D}.Release|Any CPU.Build.0 = Release|Any CPU
		{6B5FAAEC-DC2E-43A8-A9C0-BE503C475349}.Debug|Any CPU.ActiveCfg = Debug|Any CPU
		{6B5FAAEC-DC2E-43A8-A9C0-BE503C475349}.Debug|Any CPU.Build.0 = Debug|Any CPU
		{6B5FAAEC-DC2E-43A8-A9C0-BE503C475349}.Release|Any CPU.ActiveCfg = Release|Any CPU
		{6B5FAAEC-DC2E-43A8-A9C0-BE503C475349}.Release|Any CPU.Build.0 = Release|Any CPU
	EndGlobalSection
	GlobalSection(SolutionProperties) = preSolution
		HideSolutionNode = FALSE
	EndGlobalSection
	GlobalSection(NestedProjects) = preSolution
		{A0B37FA3-EF67-4172-9B4D-70A71A18B556} = {EC52D7B8-9803-429B-A4BD-7E52D5631DD7}
		{B4145178-3CB4-4CAE-9482-4FAFC8559C4D} = {A0B37FA3-EF67-4172-9B4D-70A71A18B556}
		{134921FF-4658-4AD8-8371-EB14459FC9A6} = {66A98880-A380-41AE-9421-06FE307E6A85}
		{8A15F05C-6482-4057-B0CC-7000B3EF0FBE} = {EC52D7B8-9803-429B-A4BD-7E52D5631DD7}
		{8795A232-C3C3-4C94-A63A-D9E8A15DDF22} = {8A15F05C-6482-4057-B0CC-7000B3EF0FBE}
		{29629C78-750C-4B9B-9CC4-CA062C39989F} = {8A15F05C-6482-4057-B0CC-7000B3EF0FBE}
		{0E5ABE94-EAC3-495A-8365-AE352685FDB5} = {8A15F05C-6482-4057-B0CC-7000B3EF0FBE}
		{F5315241-155F-4C26-8214-7256FDAEA9BA} = {A0B37FA3-EF67-4172-9B4D-70A71A18B556}
		{87695FD1-D46E-43F7-BACD-6CE0BD6431C8} = {A0B37FA3-EF67-4172-9B4D-70A71A18B556}
		{2EC50736-DB96-4726-9F49-C219D0EEF140} = {A0B37FA3-EF67-4172-9B4D-70A71A18B556}
		{711DC5D3-5C84-45C4-87BD-F9E5001361E2} = {134921FF-4658-4AD8-8371-EB14459FC9A6}
		{D39EFE0E-A7C1-4265-8845-C798DAEAF513} = {C45B5496-331E-4C52-9896-9797BC19733C}
		{3FFFD95C-F97E-459A-9330-6A10C490580F} = {EC52D7B8-9803-429B-A4BD-7E52D5631DD7}
		{A11F7F13-8257-4869-BFA0-1F38B8564E38} = {EC52D7B8-9803-429B-A4BD-7E52D5631DD7}
		{CDD54FA3-0D37-432F-BC56-0ACC7316154A} = {3FFFD95C-F97E-459A-9330-6A10C490580F}
		{979F41BE-D2C1-4ACD-8F90-22D6559D7494} = {3FFFD95C-F97E-459A-9330-6A10C490580F}
		{96B1F3BD-2436-4D7F-87A3-73EFD9AD8C00} = {3FFFD95C-F97E-459A-9330-6A10C490580F}
		{DF953E57-94E5-42DC-A714-D4A7302E352B} = {3FFFD95C-F97E-459A-9330-6A10C490580F}
		{C5A28E35-CB37-43BC-8D25-D7DAFE66B2AE} = {A11F7F13-8257-4869-BFA0-1F38B8564E38}
		{94A3DA2C-5858-4AA8-8663-0390B4D0176E} = {A11F7F13-8257-4869-BFA0-1F38B8564E38}
		{84043F75-BE2D-4D96-A4D9-A2BC244A2F5F} = {A11F7F13-8257-4869-BFA0-1F38B8564E38}
		{FDF94DAD-7DA5-45D6-9772-B27D31218170} = {A11F7F13-8257-4869-BFA0-1F38B8564E38}
		{C45B5496-331E-4C52-9896-9797BC19733C} = {66A98880-A380-41AE-9421-06FE307E6A85}
		{D7634462-CE2D-4585-939F-F600B6D1A776} = {A0B37FA3-EF67-4172-9B4D-70A71A18B556}
		{39C6E36C-AD9C-4F3B-A3D0-8735FD48AFD2} = {8A15F05C-6482-4057-B0CC-7000B3EF0FBE}
		{D0D41F6F-7198-4B9B-982D-48880E8E7F32} = {8A15F05C-6482-4057-B0CC-7000B3EF0FBE}
		{1E76AAEB-B3A1-4B27-B7F3-B53A798DE8EA} = {A0B37FA3-EF67-4172-9B4D-70A71A18B556}
		{D22E601F-7113-4360-98A4-32503FE5D88D} = {3FFFD95C-F97E-459A-9330-6A10C490580F}
		{6B5FAAEC-DC2E-43A8-A9C0-BE503C475349} = {A11F7F13-8257-4869-BFA0-1F38B8564E38}
	EndGlobalSection
	GlobalSection(ExtensibilityGlobals) = postSolution
		SolutionGuid = {E528F11F-E452-42EF-B848-E29B70746AA2}
	EndGlobalSection
EndGlobal
